
Microsoft Visual Studio Solution File, Format Version 12.00
# Visual Studio Version 17
VisualStudioVersion = 17.0.32126.317
MinimumVisualStudioVersion = 10.0.40219.1
Project("{FAE04EC0-301F-11D3-BF4B-00C04F79EFBC}") = "Robot Challenge", "Robot Challenge\Robot Challenge.csproj", "{7A8FBDE4-B6B9-4C0C-AF3E-FF8C72B35ECC}"
EndProject
Global
	GlobalSection(SolutionConfigurationPlatforms) = preSolution
		Debug|Any CPU = Debug|Any CPU
		Release|Any CPU = Release|Any CPU
	EndGlobalSection
	GlobalSection(ProjectConfigurationPlatforms) = postSolution
		{7A8FBDE4-B6B9-4C0C-AF3E-FF8C72B35ECC}.Debug|Any CPU.ActiveCfg = Debug|Any CPU
		{7A8FBDE4-B6B9-4C0C-AF3E-FF8C72B35ECC}.Debug|Any CPU.Build.0 = Debug|Any CPU
		{7A8FBDE4-B6B9-4C0C-AF3E-FF8C72B35ECC}.Release|Any CPU.ActiveCfg = Release|Any CPU
		{7A8FBDE4-B6B9-4C0C-AF3E-FF8C72B35ECC}.Release|Any CPU.Build.0 = Release|Any CPU
	EndGlobalSection
	GlobalSection(SolutionProperties) = preSolution
		HideSolutionNode = FALSE
	EndGlobalSection
	GlobalSection(ExtensibilityGlobals) = postSolution
		SolutionGuid = {37A094A3-0945-4D42-9BD6-C7B0340305FE}
	EndGlobalSection
EndGlobal
